
Microsoft Visual Studio Solution File, Format Version 12.00
# Visual Studio 15
VisualStudioVersion = 15.0.28010.2036
MinimumVisualStudioVersion = 10.0.40219.1
Project("{FAE04EC0-301F-11D3-BF4B-00C04F79EFBC}") = "AppTerbilang", "TerbilangWindowsFormsApp\AppTerbilang.csproj", "{F4291F64-20CC-44F8-9234-137DAD7ABF43}"
EndProject
Project("{FAE04EC0-301F-11D3-BF4B-00C04F79EFBC}") = "ClassLibrary1", "ClassLibrary1\ClassLibrary1.csproj", "{46E5BD4B-9521-4603-ACE1-6FA1F0A382DC}"
EndProject
Global
	GlobalSection(SolutionConfigurationPlatforms) = preSolution
		Debug|Any CPU = Debug|Any CPU
		Release|Any CPU = Release|Any CPU
	EndGlobalSection
	GlobalSection(ProjectConfigurationPlatforms) = postSolution
		{F4291F64-20CC-44F8-9234-137DAD7ABF43}.Debug|Any CPU.ActiveCfg = Debug|Any CPU
		{F4291F64-20CC-44F8-9234-137DAD7ABF43}.Debug|Any CPU.Build.0 = Debug|Any CPU
		{F4291F64-20CC-44F8-9234-137DAD7ABF43}.Release|Any CPU.ActiveCfg = Release|Any CPU
		{F4291F64-20CC-44F8-9234-137DAD7ABF43}.Release|Any CPU.Build.0 = Release|Any CPU
		{46E5BD4B-9521-4603-ACE1-6FA1F0A382DC}.Debug|Any CPU.ActiveCfg = Debug|Any CPU
		{46E5BD4B-9521-4603-ACE1-6FA1F0A382DC}.Debug|Any CPU.Build.0 = Debug|Any CPU
		{46E5BD4B-9521-4603-ACE1-6FA1F0A382DC}.Release|Any CPU.ActiveCfg = Release|Any CPU
		{46E5BD4B-9521-4603-ACE1-6FA1F0A382DC}.Release|Any CPU.Build.0 = Release|Any CPU
	EndGlobalSection
	GlobalSection(SolutionProperties) = preSolution
		HideSolutionNode = FALSE
	EndGlobalSection
	GlobalSection(ExtensibilityGlobals) = postSolution
		SolutionGuid = {11165DD8-F367-410F-96E9-45E32E06457A}
	EndGlobalSection
EndGlobal
